// !$*UTF8*$!
{
	archiveVersion = 1;
	classes = {
	};
	objectVersion = 50;
	objects = {

/* Begin PBXBuildFile section */
		A9473516239FA45E00512E37 /* AppDelegate.swift in Sources */ = {isa = PBXBuildFile; fileRef = A9473515239FA45E00512E37 /* AppDelegate.swift */; };
		A9473518239FA45E00512E37 /* GameScene.sks in Resources */ = {isa = PBXBuildFile; fileRef = A9473517239FA45E00512E37 /* GameScene.sks */; };
		A947351A239FA45E00512E37 /* Actions.sks in Resources */ = {isa = PBXBuildFile; fileRef = A9473519239FA45E00512E37 /* Actions.sks */; };
		A947351C239FA45E00512E37 /* GameScene.swift in Sources */ = {isa = PBXBuildFile; fileRef = A947351B239FA45E00512E37 /* GameScene.swift */; };
		A947351E239FA45E00512E37 /* GameViewController.swift in Sources */ = {isa = PBXBuildFile; fileRef = A947351D239FA45E00512E37 /* GameViewController.swift */; };
		A9473521239FA45E00512E37 /* Main.storyboard in Resources */ = {isa = PBXBuildFile; fileRef = A947351F239FA45E00512E37 /* Main.storyboard */; };
		A9473523239FA46900512E37 /* Assets.xcassets in Resources */ = {isa = PBXBuildFile; fileRef = A9473522239FA46900512E37 /* Assets.xcassets */; };
		A9473526239FA46900512E37 /* LaunchScreen.storyboard in Resources */ = {isa = PBXBuildFile; fileRef = A9473524239FA46900512E37 /* LaunchScreen.storyboard */; };
/* End PBXBuildFile section */

/* Begin PBXFileReference section */
		A9473512239FA45E00512E37 /* Whack-a-Penguin.app */ = {isa = PBXFileReference; explicitFileType = wrapper.application; includeInIndex = 0; path = "Whack-a-Penguin.app"; sourceTree = BUILT_PRODUCTS_DIR; };
		A9473515239FA45E00512E37 /* AppDelegate.swift */ = {isa = PBXFileReference; lastKnownFileType = sourcecode.swift; path = AppDelegate.swift; sourceTree = "<group>"; };
		A9473517239FA45E00512E37 /* GameScene.sks */ = {isa = PBXFileReference; lastKnownFileType = file.sks; path = GameScene.sks; sourceTree = "<group>"; };
		A9473519239FA45E00512E37 /* Actions.sks */ = {isa = PBXFileReference; lastKnownFileType = file.sks; path = Actions.sks; sourceTree = "<group>"; };
		A947351B239FA45E00512E37 /* GameScene.swift */ = {isa = PBXFileReference; lastKnownFileType = sourcecode.swift; path = GameScene.swift; sourceTree = "<group>"; };
		A947351D239FA45E00512E37 /* GameViewController.swift */ = {isa = PBXFileReference; lastKnownFileType = sourcecode.swift; path = GameViewController.swift; sourceTree = "<group>"; };
		A9473520239FA45E00512E37 /* Base */ = {isa = PBXFileReference; lastKnownFileType = file.storyboard; name = Base; path = Base.lproj/Main.storyboard; sourceTree = "<group>"; };
		A9473522239FA46900512E37 /* Assets.xcassets */ = {isa = PBXFileReference; lastKnownFileType = folder.assetcatalog; path = Assets.xcassets; sourceTree = "<group>"; };
		A9473525239FA46900512E37 /* Base */ = {isa = PBXFileReference; lastKnownFileType = file.storyboard; name = Base; path = Base.lproj/LaunchScreen.storyboard; sourceTree = "<group>"; };
		A9473527239FA46900512E37 /* Info.plist */ = {isa = PBXFileReference; lastKnownFileType = text.plist.xml; path = Info.plist; sourceTree = "<group>"; };
/* End PBXFileReference section */

/* Begin PBXFrameworksBuildPhase section */
		A947350F239FA45E00512E37 /* Frameworks */ = {
			isa = PBXFrameworksBuildPhase;
			buildActionMask = 2147483647;
			files = (
			);
			runOnlyForDeploymentPostprocessing = 0;
		};
/* End PBXFrameworksBuildPhase section */

/* Begin PBXGroup section */
		A9473509239FA45E00512E37 = {
			isa = PBXGroup;
			children = (
				A9473514239FA45E00512E37 /* Whack-a-Penguin */,
				A9473513239FA45E00512E37 /* Products */,
			);
			sourceTree = "<group>";
		};
		A9473513239FA45E00512E37 /* Products */ = {
			isa = PBXGroup;
			children = (
				A9473512239FA45E00512E37 /* Whack-a-Penguin.app */,
			);
			name = Products;
			sourceTree = "<group>";
		};
		A9473514239FA45E00512E37 /* Whack-a-Penguin */ = {
			isa = PBXGroup;
			children = (
				A9473515239FA45E00512E37 /* AppDelegate.swift */,
				A9473517239FA45E00512E37 /* GameScene.sks */,
				A9473519239FA45E00512E37 /* Actions.sks */,
				A947351B239FA45E00512E37 /* GameScene.swift */,
				A947351D239FA45E00512E37 /* GameViewController.swift */,
				A947351F239FA45E00512E37 /* Main.storyboard */,
				A9473522239FA46900512E37 /* Assets.xcassets */,
				A9473524239FA46900512E37 /* LaunchScreen.storyboard */,
				A9473527239FA46900512E37 /* Info.plist */,
			);
			path = "Whack-a-Penguin";
			sourceTree = "<group>";
		};
/* End PBXGroup section */

/* Begin PBXNativeTarget section */
		A9473511239FA45E00512E37 /* Whack-a-Penguin */ = {
			isa = PBXNativeTarget;
			buildConfigurationList = A947352A239FA46900512E37 /* Build configuration list for PBXNativeTarget "Whack-a-Penguin" */;
			buildPhases = (
				A947350E239FA45E00512E37 /* Sources */,
				A947350F239FA45E00512E37 /* Frameworks */,
				A9473510239FA45E00512E37 /* Resources */,
			);
			buildRules = (
			);
			dependencies = (
			);
			name = "Whack-a-Penguin";
			productName = "Whack-a-Penguin";
			productReference = A9473512239FA45E00512E37 /* Whack-a-Penguin.app */;
			productType = "com.apple.product-type.application";
		};
/* End PBXNativeTarget section */

/* Begin PBXProject section */
		A947350A239FA45E00512E37 /* Project object */ = {
			isa = PBXProject;
			attributes = {
				LastSwiftUpdateCheck = 1010;
				LastUpgradeCheck = 1010;
				ORGANIZATIONNAME = "Milos Jovanovic";
				TargetAttributes = {
					A9473511239FA45E00512E37 = {
						CreatedOnToolsVersion = 10.1;
					};
				};
			};
			buildConfigurationList = A947350D239FA45E00512E37 /* Build configuration list for PBXProject "Whack-a-Penguin" */;
			compatibilityVersion = "Xcode 9.3";
			developmentRegion = en;
			hasScannedForEncodings = 0;
			knownRegions = (
				en,
				Base,
			);
			mainGroup = A9473509239FA45E00512E37;
			productRefGroup = A9473513239FA45E00512E37 /* Products */;
			projectDirPath = "";
			projectRoot = "";
			targets = (
				A9473511239FA45E00512E37 /* Whack-a-Penguin */,
			);
		};
/* End PBXProject section */

/* Begin PBXResourcesBuildPhase section */
		A9473510239FA45E00512E37 /* Resources */ = {
			isa = PBXResourcesBuildPhase;
			buildActionMask = 2147483647;
			files = (
				A9473521239FA45E00512E37 /* Main.storyboard in Resources */,
				A9473518239FA45E00512E37 /* GameScene.sks in Resources */,
				A9473523239FA46900512E37 /* Assets.xcassets in Resources */,
				A9473526239FA46900512E37 /* LaunchScreen.storyboard in Resources */,
				A947351A239FA45E00512E37 /* Actions.sks in Resources */,
			);
			runOnlyForDeploymentPostprocessing = 0;
		};
/* End PBXResourcesBuildPhase section */

/* Begin PBXSourcesBuildPhase section */
		A947350E239FA45E00512E37 /* Sources */ = {
			isa = PBXSourcesBuildPhase;
			buildActionMask = 2147483647;
			files = (
				A947351C239FA45E00512E37 /* GameScene.swift in Sources */,
				A947351E239FA45E00512E37 /* GameViewController.swift in Sources */,
				A9473516239FA45E00512E37 /* AppDelegate.swift in Sources */,
			);
			runOnlyForDeploymentPostprocessing = 0;
		};
/* End PBXSourcesBuildPhase section */

/* Begin PBXVariantGroup section */
		A947351F239FA45E00512E37 /* Main.storyboard */ = {
			isa = PBXVariantGroup;
			children = (
				A9473520239FA45E00512E37 /* Base */,
			);
			name = Main.storyboard;
			sourceTree = "<group>";
		};
		A9473524239FA46900512E37 /* LaunchScreen.storyboard */ = {
			isa = PBXVariantGroup;
			children = (
				A9473525239FA46900512E37 /* Base */,
			);
			name = LaunchScreen.storyboard;
			sourceTree = "<group>";
		};
/* End PBXVariantGroup section */

/* Begin XCBuildConfiguration section */
		A9473528239FA46900512E37 /* Debug */ = {
			isa = XCBuildConfiguration;
			buildSettings = {
				ALWAYS_SEARCH_USER_PATHS = NO;
				CLANG_ANALYZER_NONNULL = YES;
				CLANG_ANALYZER_NUMBER_OBJECT_CONVERSION = YES_AGGRESSIVE;
				CLANG_CXX_LANGUAGE_STANDARD = "gnu++14";
				CLANG_CXX_LIBRARY = "libc++";
				CLANG_ENABLE_MODULES = YES;
				CLANG_ENABLE_OBJC_ARC = YES;
				CLANG_ENABLE_OBJC_WEAK = YES;
				CLANG_WARN_BLOCK_CAPTURE_AUTORELEASING = YES;
				CLANG_WARN_BOOL_CONVERSION = YES;
				CLANG_WARN_COMMA = YES;
				CLANG_WARN_CONSTANT_CONVERSION = YES;
				CLANG_WARN_DEPRECATED_OBJC_IMPLEMENTATIONS = YES;
				CLANG_WARN_DIRECT_OBJC_ISA_USAGE = YES_ERROR;
				CLANG_WARN_DOCUMENTATION_COMMENTS = YES;
				CLANG_WARN_EMPTY_BODY = YES;
				CLANG_WARN_ENUM_CONVERSION = YES;
				CLANG_WARN_INFINITE_RECURSION = YES;
				CLANG_WARN_INT_CONVERSION = YES;
				CLANG_WARN_NON_LITERAL_NULL_CONVERSION = YES;
				CLANG_WARN_OBJC_IMPLICIT_RETAIN_SELF = YES;
				CLANG_WARN_OBJC_LITERAL_CONVERSION = YES;
				CLANG_WARN_OBJC_ROOT_CLASS = YES_ERROR;
				CLANG_WARN_RANGE_LOOP_ANALYSIS = YES;
				CLANG_WARN_STRICT_PROTOTYPES = YES;
				CLANG_WARN_SUSPICIOUS_MOVE = YES;
				CLANG_WARN_UNGUARDED_AVAILABILITY = YES_AGGRESSIVE;
				CLANG_WARN_UNREACHABLE_CODE = YES;
				CLANG_WARN__DUPLICATE_METHOD_MATCH = YES;
				CODE_SIGN_IDENTITY = "iPhone Developer";
				COPY_PHASE_STRIP = NO;
				DEBUG_INFORMATION_FORMAT = dwarf;
				ENABLE_STRICT_OBJC_MSGSEND = YES;
				ENABLE_TESTABILITY = YES;
				GCC_C_LANGUAGE_STANDARD = gnu11;
				GCC_DYNAMIC_NO_PIC = NO;
				GCC_NO_COMMON_BLOCKS = YES;
				GCC_OPTIMIZATION_LEVEL = 0;
				GCC_PREPROCESSOR_DEFINITIONS = (
					"DEBUG=1",
					"$(inherited)",
				);
				GCC_WARN_64_TO_32_BIT_CONVERSION = YES;
				GCC_WARN_ABOUT_RETURN_TYPE = YES_ERROR;
				GCC_WARN_UNDECLARED_SELECTOR = YES;
				GCC_WARN_UNINITIALIZED_AUTOS = YES_AGGRESSIVE;
				GCC_WARN_UNUSED_FUNCTION = YES;
				GCC_WARN_UNUSED_VARIABLE = YES;
				IPHONEOS_DEPLOYMENT_TARGET = 12.1;
				MTL_ENABLE_DEBUG_INFO = INCLUDE_SOURCE;
				MTL_FAST_MATH = YES;
				ONLY_ACTIVE_ARCH = YES;
				SDKROOT = iphoneos;
				SWIFT_ACTIVE_COMPILATION_CONDITIONS = DEBUG;
				SWIFT_OPTIMIZATION_LEVEL = "-Onone";
			};
			name = Debug;
		};
		A9473529239FA46900512E37 /* Release */ = {
			isa = XCBuildConfiguration;
			buildSettings = {
				ALWAYS_SEARCH_USER_PATHS = NO;
				CLANG_ANALYZER_NONNULL = YES;
				CLANG_ANALYZER_NUMBER_OBJECT_CONVERSION = YES_AGGRESSIVE;
				CLANG_CXX_LANGUAGE_STANDARD = "gnu++14";
				CLANG_CXX_LIBRARY = "libc++";
				CLANG_ENABLE_MODULES = YES;
				CLANG_ENABLE_OBJC_ARC = YES;
				CLANG_ENABLE_OBJC_WEAK = YES;
				CLANG_WARN_BLOCK_CAPTURE_AUTORELEASING = YES;
				CLANG_WARN_BOOL_CONVERSION = YES;
				CLANG_WARN_COMMA = YES;
				CLANG_WARN_CONSTANT_CONVERSION = YES;
				CLANG_WARN_DEPRECATED_OBJC_IMPLEMENTATIONS = YES;
				CLANG_WARN_DIRECT_OBJC_ISA_USAGE = YES_ERROR;
				CLANG_WARN_DOCUMENTATION_COMMENTS = YES;
				CLANG_WARN_EMPTY_BODY = YES;
				CLANG_WARN_ENUM_CONVERSION = YES;
				CLANG_WARN_INFINITE_RECURSION = YES;
				CLANG_WARN_INT_CONVERSION = YES;
				CLANG_WARN_NON_LITERAL_NULL_CONVERSION = YES;
				CLANG_WARN_OBJC_IMPLICIT_RETAIN_SELF = YES;
				CLANG_WARN_OBJC_LITERAL_CONVERSION = YES;
				CLANG_WARN_OBJC_ROOT_CLASS = YES_ERROR;
				CLANG_WARN_RANGE_LOOP_ANALYSIS = YES;
				CLANG_WARN_STRICT_PROTOTYPES = YES;
				CLANG_WARN_SUSPICIOUS_MOVE = YES;
				CLANG_WARN_UNGUARDED_AVAILABILITY = YES_AGGRESSIVE;
				CLANG_WARN_UNREACHABLE_CODE = YES;
				CLANG_WARN__DUPLICATE_METHOD_MATCH = YES;
				CODE_SIGN_IDENTITY = "iPhone Developer";
				COPY_PHASE_STRIP = NO;
				DEBUG_INFORMATION_FORMAT = "dwarf-with-dsym";
				ENABLE_NS_ASSERTIONS = NO;
				ENABLE_STRICT_OBJC_MSGSEND = YES;
				GCC_C_LANGUAGE_STANDARD = gnu11;
				GCC_NO_COMMON_BLOCKS = YES;
				GCC_WARN_64_TO_32_BIT_CONVERSION = YES;
				GCC_WARN_ABOUT_RETURN_TYPE = YES_ERROR;
				GCC_WARN_UNDECLARED_SELECTOR = YES;
				GCC_WARN_UNINITIALIZED_AUTOS = YES_AGGRESSIVE;
				GCC_WARN_UNUSED_FUNCTION = YES;
				GCC_WARN_UNUSED_VARIABLE = YES;
				IPHONEOS_DEPLOYMENT_TARGET = 12.1;
				MTL_ENABLE_DEBUG_INFO = NO;
				MTL_FAST_MATH = YES;
				SDKROOT = iphoneos;
				SWIFT_COMPILATION_MODE = wholemodule;
				SWIFT_OPTIMIZATION_LEVEL = "-O";
				VALIDATE_PRODUCT = YES;
			};
			name = Release;
		};
		A947352B239FA46900512E37 /* Debug */ = {
			isa = XCBuildConfiguration;
			buildSettings = {
				ASSETCATALOG_COMPILER_APPICON_NAME = AppIcon;
				CODE_SIGN_STYLE = Automatic;
				INFOPLIST_FILE = "Whack-a-Penguin/Info.plist";
				LD_RUNPATH_SEARCH_PATHS = (
					"$(inherited)",
					"@executable_path/Frameworks",
				);
				PRODUCT_BUNDLE_IDENTIFIER = "com.milosjovanovic.Whack-a-Penguin";
				PRODUCT_NAME = "$(TARGET_NAME)";
				SWIFT_VERSION = 4.2;
				TARGETED_DEVICE_FAMILY = "1,2";
			};
			name = Debug;
		};
		A947352C239FA46900512E37 /* Release */ = {
			isa = XCBuildConfiguration;
			buildSettings = {
				ASSETCATALOG_COMPILER_APPICON_NAME = AppIcon;
				CODE_SIGN_STYLE = Automatic;
				INFOPLIST_FILE = "Whack-a-Penguin/Info.plist";
				LD_RUNPATH_SEARCH_PATHS = (
					"$(inherited)",
					"@executable_path/Frameworks",
				);
				PRODUCT_BUNDLE_IDENTIFIER = "com.milosjovanovic.Whack-a-Penguin";
				PRODUCT_NAME = "$(TARGET_NAME)";
				SWIFT_VERSION = 4.2;
				TARGETED_DEVICE_FAMILY = "1,2";
			};
			name = Release;
		};
/* End XCBuildConfiguration section */

/* Begin XCConfigurationList section */
		A947350D239FA45E00512E37 /* Build configuration list for PBXProject "Whack-a-Penguin" */ = {
			isa = XCConfigurationList;
			buildConfigurations = (
				A9473528239FA46900512E37 /* Debug */,
				A9473529239FA46900512E37 /* Release */,
			);
			defaultConfigurationIsVisible = 0;
			defaultConfigurationName = Release;
		};
		A947352A239FA46900512E37 /* Build configuration list for PBXNativeTarget "Whack-a-Penguin" */ = {
			isa = XCConfigurationList;
			buildConfigurations = (
				A947352B239FA46900512E37 /* Debug */,
				A947352C239FA46900512E37 /* Release */,
			);
			defaultConfigurationIsVisible = 0;
			defaultConfigurationName = Release;
		};
/* End XCConfigurationList section */
	};
	rootObject = A947350A239FA45E00512E37 /* Project object */;
}
